
Microsoft Visual Studio Solution File, Format Version 12.00
# Visual Studio Version 17
VisualStudioVersion = 17.3.32819.101
MinimumVisualStudioVersion = 10.0.40219.1
Project("{FAE04EC0-301F-11D3-BF4B-00C04F79EFBC}") = "TextFileManager", "TextFileManager.csproj", "{6F118EFD-ADF4-4145-993B-2528EDFE97B0}"
EndProject
Project("{9A19103F-16F7-4668-BE54-9A1E7A4F7556}") = "ConsoleDeTestes", "..\ConsoleDeTestes\ConsoleDeTestes.csproj", "{AB79C7E6-6358-4E37-AC29-B66B18498395}"
EndProject
Global
	GlobalSection(SolutionConfigurationPlatforms) = preSolution
		Debug|Any CPU = Debug|Any CPU
		Release|Any CPU = Release|Any CPU
	EndGlobalSection
	GlobalSection(ProjectConfigurationPlatforms) = postSolution
		{6F118EFD-ADF4-4145-993B-2528EDFE97B0}.Debug|Any CPU.ActiveCfg = Debug|Any CPU
		{6F118EFD-ADF4-4145-993B-2528EDFE97B0}.Debug|Any CPU.Build.0 = Debug|Any CPU
		{6F118EFD-ADF4-4145-993B-2528EDFE97B0}.Release|Any CPU.ActiveCfg = Release|Any CPU
		{6F118EFD-ADF4-4145-993B-2528EDFE97B0}.Release|Any CPU.Build.0 = Release|Any CPU
		{AB79C7E6-6358-4E37-AC29-B66B18498395}.Debug|Any CPU.ActiveCfg = Debug|Any CPU
		{AB79C7E6-6358-4E37-AC29-B66B18498395}.Debug|Any CPU.Build.0 = Debug|Any CPU
		{AB79C7E6-6358-4E37-AC29-B66B18498395}.Release|Any CPU.ActiveCfg = Release|Any CPU
		{AB79C7E6-6358-4E37-AC29-B66B18498395}.Release|Any CPU.Build.0 = Release|Any CPU
	EndGlobalSection
	GlobalSection(SolutionProperties) = preSolution
		HideSolutionNode = FALSE
	EndGlobalSection
	GlobalSection(ExtensibilityGlobals) = postSolution
		SolutionGuid = {3BBE8B46-D28C-44E3-BF3C-0154804A55DC}
	EndGlobalSection
EndGlobal
